// !$*UTF8*$!
{
	archiveVersion = 1;
	classes = {
	};
	objectVersion = 46;
	objects = {

/* Begin PBXBuildFile section */
		571FED3B1C3E0EAD00D6682B /* AppDelegate.swift in Sources */ = {isa = PBXBuildFile; fileRef = 571FED3A1C3E0EAD00D6682B /* AppDelegate.swift */; };
		571FED3D1C3E0EAD00D6682B /* ViewController.swift in Sources */ = {isa = PBXBuildFile; fileRef = 571FED3C1C3E0EAD00D6682B /* ViewController.swift */; };
		571FED401C3E0EAD00D6682B /* Main.storyboard in Resources */ = {isa = PBXBuildFile; fileRef = 571FED3E1C3E0EAD00D6682B /* Main.storyboard */; };
		571FED421C3E0EAD00D6682B /* Assets.xcassets in Resources */ = {isa = PBXBuildFile; fileRef = 571FED411C3E0EAD00D6682B /* Assets.xcassets */; };
		571FED451C3E0EAD00D6682B /* LaunchScreen.storyboard in Resources */ = {isa = PBXBuildFile; fileRef = 571FED431C3E0EAD00D6682B /* LaunchScreen.storyboard */; };
		571FED501C3E0EAD00D6682B /* tipslashTests.swift in Sources */ = {isa = PBXBuildFile; fileRef = 571FED4F1C3E0EAD00D6682B /* tipslashTests.swift */; };
		571FED5B1C3E0EAD00D6682B /* tipslashUITests.swift in Sources */ = {isa = PBXBuildFile; fileRef = 571FED5A1C3E0EAD00D6682B /* tipslashUITests.swift */; };
/* End PBXBuildFile section */

/* Begin PBXContainerItemProxy section */
		571FED4C1C3E0EAD00D6682B /* PBXContainerItemProxy */ = {
			isa = PBXContainerItemProxy;
			containerPortal = 571FED2F1C3E0EAD00D6682B /* Project object */;
			proxyType = 1;
			remoteGlobalIDString = 571FED361C3E0EAD00D6682B;
			remoteInfo = tipslash;
		};
		571FED571C3E0EAD00D6682B /* PBXContainerItemProxy */ = {
			isa = PBXContainerItemProxy;
			containerPortal = 571FED2F1C3E0EAD00D6682B /* Project object */;
			proxyType = 1;
			remoteGlobalIDString = 571FED361C3E0EAD00D6682B;
			remoteInfo = tipslash;
		};
/* End PBXContainerItemProxy section */

/* Begin PBXFileReference section */
		571FED371C3E0EAD00D6682B /* tipslash.app */ = {isa = PBXFileReference; explicitFileType = wrapper.application; includeInIndex = 0; path = tipslash.app; sourceTree = BUILT_PRODUCTS_DIR; };
		571FED3A1C3E0EAD00D6682B /* AppDelegate.swift */ = {isa = PBXFileReference; lastKnownFileType = sourcecode.swift; path = AppDelegate.swift; sourceTree = "<group>"; };
		571FED3C1C3E0EAD00D6682B /* ViewController.swift */ = {isa = PBXFileReference; lastKnownFileType = sourcecode.swift; path = ViewController.swift; sourceTree = "<group>"; };
		571FED3F1C3E0EAD00D6682B /* Base */ = {isa = PBXFileReference; lastKnownFileType = file.storyboard; name = Base; path = Base.lproj/Main.storyboard; sourceTree = "<group>"; };
		571FED411C3E0EAD00D6682B /* Assets.xcassets */ = {isa = PBXFileReference; lastKnownFileType = folder.assetcatalog; path = Assets.xcassets; sourceTree = "<group>"; };
		571FED441C3E0EAD00D6682B /* Base */ = {isa = PBXFileReference; lastKnownFileType = file.storyboard; name = Base; path = Base.lproj/LaunchScreen.storyboard; sourceTree = "<group>"; };
		571FED461C3E0EAD00D6682B /* Info.plist */ = {isa = PBXFileReference; lastKnownFileType = text.plist.xml; path = Info.plist; sourceTree = "<group>"; };
		571FED4B1C3E0EAD00D6682B /* tipslashTests.xctest */ = {isa = PBXFileReference; explicitFileType = wrapper.cfbundle; includeInIndex = 0; path = tipslashTests.xctest; sourceTree = BUILT_PRODUCTS_DIR; };
		571FED4F1C3E0EAD00D6682B /* tipslashTests.swift */ = {isa = PBXFileReference; lastKnownFileType = sourcecode.swift; path = tipslashTests.swift; sourceTree = "<group>"; };
		571FED511C3E0EAD00D6682B /* Info.plist */ = {isa = PBXFileReference; lastKnownFileType = text.plist.xml; path = Info.plist; sourceTree = "<group>"; };
		571FED561C3E0EAD00D6682B /* tipslashUITests.xctest */ = {isa = PBXFileReference; explicitFileType = wrapper.cfbundle; includeInIndex = 0; path = tipslashUITests.xctest; sourceTree = BUILT_PRODUCTS_DIR; };
		571FED5A1C3E0EAD00D6682B /* tipslashUITests.swift */ = {isa = PBXFileReference; lastKnownFileType = sourcecode.swift; path = tipslashUITests.swift; sourceTree = "<group>"; };
		571FED5C1C3E0EAD00D6682B /* Info.plist */ = {isa = PBXFileReference; lastKnownFileType = text.plist.xml; path = Info.plist; sourceTree = "<group>"; };
/* End PBXFileReference section */

/* Begin PBXFrameworksBuildPhase section */
		571FED341C3E0EAD00D6682B /* Frameworks */ = {
			isa = PBXFrameworksBuildPhase;
			buildActionMask = 2147483647;
			files = (
			);
			runOnlyForDeploymentPostprocessing = 0;
		};
		571FED481C3E0EAD00D6682B /* Frameworks */ = {
			isa = PBXFrameworksBuildPhase;
			buildActionMask = 2147483647;
			files = (
			);
			runOnlyForDeploymentPostprocessing = 0;
		};
		571FED531C3E0EAD00D6682B /* Frameworks */ = {
			isa = PBXFrameworksBuildPhase;
			buildActionMask = 2147483647;
			files = (
			);
			runOnlyForDeploymentPostprocessing = 0;
		};
/* End PBXFrameworksBuildPhase section */

/* Begin PBXGroup section */
		571FED2E1C3E0EAD00D6682B = {
			isa = PBXGroup;
			children = (
				571FED391C3E0EAD00D6682B /* tipslash */,
				571FED4E1C3E0EAD00D6682B /* tipslashTests */,
				571FED591C3E0EAD00D6682B /* tipslashUITests */,
				571FED381C3E0EAD00D6682B /* Products */,
			);
			sourceTree = "<group>";
		};
		571FED381C3E0EAD00D6682B /* Products */ = {
			isa = PBXGroup;
			children = (
				571FED371C3E0EAD00D6682B /* tipslash.app */,
				571FED4B1C3E0EAD00D6682B /* tipslashTests.xctest */,
				571FED561C3E0EAD00D6682B /* tipslashUITests.xctest */,
			);
			name = Products;
			sourceTree = "<group>";
		};
		571FED391C3E0EAD00D6682B /* tipslash */ = {
			isa = PBXGroup;
			children = (
				571FED3A1C3E0EAD00D6682B /* AppDelegate.swift */,
				571FED3C1C3E0EAD00D6682B /* ViewController.swift */,
				571FED3E1C3E0EAD00D6682B /* Main.storyboard */,
				571FED411C3E0EAD00D6682B /* Assets.xcassets */,
				571FED431C3E0EAD00D6682B /* LaunchScreen.storyboard */,
				571FED461C3E0EAD00D6682B /* Info.plist */,
			);
			path = tipslash;
			sourceTree = "<group>";
		};
		571FED4E1C3E0EAD00D6682B /* tipslashTests */ = {
			isa = PBXGroup;
			children = (
				571FED4F1C3E0EAD00D6682B /* tipslashTests.swift */,
				571FED511C3E0EAD00D6682B /* Info.plist */,
			);
			path = tipslashTests;
			sourceTree = "<group>";
		};
		571FED591C3E0EAD00D6682B /* tipslashUITests */ = {
			isa = PBXGroup;
			children = (
				571FED5A1C3E0EAD00D6682B /* tipslashUITests.swift */,
				571FED5C1C3E0EAD00D6682B /* Info.plist */,
			);
			path = tipslashUITests;
			sourceTree = "<group>";
		};
/* End PBXGroup section */

/* Begin PBXNativeTarget section */
		571FED361C3E0EAD00D6682B /* tipslash */ = {
			isa = PBXNativeTarget;
			buildConfigurationList = 571FED5F1C3E0EAD00D6682B /* Build configuration list for PBXNativeTarget "tipslash" */;
			buildPhases = (
				571FED331C3E0EAD00D6682B /* Sources */,
				571FED341C3E0EAD00D6682B /* Frameworks */,
				571FED351C3E0EAD00D6682B /* Resources */,
			);
			buildRules = (
			);
			dependencies = (
			);
			name = tipslash;
			productName = tipslash;
			productReference = 571FED371C3E0EAD00D6682B /* tipslash.app */;
			productType = "com.apple.product-type.application";
		};
		571FED4A1C3E0EAD00D6682B /* tipslashTests */ = {
			isa = PBXNativeTarget;
			buildConfigurationList = 571FED621C3E0EAD00D6682B /* Build configuration list for PBXNativeTarget "tipslashTests" */;
			buildPhases = (
				571FED471C3E0EAD00D6682B /* Sources */,
				571FED481C3E0EAD00D6682B /* Frameworks */,
				571FED491C3E0EAD00D6682B /* Resources */,
			);
			buildRules = (
			);
			dependencies = (
				571FED4D1C3E0EAD00D6682B /* PBXTargetDependency */,
			);
			name = tipslashTests;
			productName = tipslashTests;
			productReference = 571FED4B1C3E0EAD00D6682B /* tipslashTests.xctest */;
			productType = "com.apple.product-type.bundle.unit-test";
		};
		571FED551C3E0EAD00D6682B /* tipslashUITests */ = {
			isa = PBXNativeTarget;
			buildConfigurationList = 571FED651C3E0EAD00D6682B /* Build configuration list for PBXNativeTarget "tipslashUITests" */;
			buildPhases = (
				571FED521C3E0EAD00D6682B /* Sources */,
				571FED531C3E0EAD00D6682B /* Frameworks */,
				571FED541C3E0EAD00D6682B /* Resources */,
			);
			buildRules = (
			);
			dependencies = (
				571FED581C3E0EAD00D6682B /* PBXTargetDependency */,
			);
			name = tipslashUITests;
			productName = tipslashUITests;
			productReference = 571FED561C3E0EAD00D6682B /* tipslashUITests.xctest */;
			productType = "com.apple.product-type.bundle.ui-testing";
		};
/* End PBXNativeTarget section */

/* Begin PBXProject section */
		571FED2F1C3E0EAD00D6682B /* Project object */ = {
			isa = PBXProject;
			attributes = {
				LastSwiftUpdateCheck = 0720;
				LastUpgradeCheck = 0720;
				ORGANIZATIONNAME = "David Lasher";
				TargetAttributes = {
					571FED361C3E0EAD00D6682B = {
						CreatedOnToolsVersion = 7.2;
					};
					571FED4A1C3E0EAD00D6682B = {
						CreatedOnToolsVersion = 7.2;
						TestTargetID = 571FED361C3E0EAD00D6682B;
					};
					571FED551C3E0EAD00D6682B = {
						CreatedOnToolsVersion = 7.2;
						TestTargetID = 571FED361C3E0EAD00D6682B;
					};
				};
			};
			buildConfigurationList = 571FED321C3E0EAD00D6682B /* Build configuration list for PBXProject "tipslash" */;
			compatibilityVersion = "Xcode 3.2";
			developmentRegion = English;
			hasScannedForEncodings = 0;
			knownRegions = (
				en,
				Base,
			);
			mainGroup = 571FED2E1C3E0EAD00D6682B;
			productRefGroup = 571FED381C3E0EAD00D6682B /* Products */;
			projectDirPath = "";
			projectRoot = "";
			targets = (
				571FED361C3E0EAD00D6682B /* tipslash */,
				571FED4A1C3E0EAD00D6682B /* tipslashTests */,
				571FED551C3E0EAD00D6682B /* tipslashUITests */,
			);
		};
/* End PBXProject section */

/* Begin PBXResourcesBuildPhase section */
		571FED351C3E0EAD00D6682B /* Resources */ = {
			isa = PBXResourcesBuildPhase;
			buildActionMask = 2147483647;
			files = (
				571FED451C3E0EAD00D6682B /* LaunchScreen.storyboard in Resources */,
				571FED421C3E0EAD00D6682B /* Assets.xcassets in Resources */,
				571FED401C3E0EAD00D6682B /* Main.storyboard in Resources */,
			);
			runOnlyForDeploymentPostprocessing = 0;
		};
		571FED491C3E0EAD00D6682B /* Resources */ = {
			isa = PBXResourcesBuildPhase;
			buildActionMask = 2147483647;
			files = (
			);
			runOnlyForDeploymentPostprocessing = 0;
		};
		571FED541C3E0EAD00D6682B /* Resources */ = {
			isa = PBXResourcesBuildPhase;
			buildActionMask = 2147483647;
			files = (
			);
			runOnlyForDeploymentPostprocessing = 0;
		};
/* End PBXResourcesBuildPhase section */

/* Begin PBXSourcesBuildPhase section */
		571FED331C3E0EAD00D6682B /* Sources */ = {
			isa = PBXSourcesBuildPhase;
			buildActionMask = 2147483647;
			files = (
				571FED3D1C3E0EAD00D6682B /* ViewController.swift in Sources */,
				571FED3B1C3E0EAD00D6682B /* AppDelegate.swift in Sources */,
			);
			runOnlyForDeploymentPostprocessing = 0;
		};
		571FED471C3E0EAD00D6682B /* Sources */ = {
			isa = PBXSourcesBuildPhase;
			buildActionMask = 2147483647;
			files = (
				571FED501C3E0EAD00D6682B /* tipslashTests.swift in Sources */,
			);
			runOnlyForDeploymentPostprocessing = 0;
		};
		571FED521C3E0EAD00D6682B /* Sources */ = {
			isa = PBXSourcesBuildPhase;
			buildActionMask = 2147483647;
			files = (
				571FED5B1C3E0EAD00D6682B /* tipslashUITests.swift in Sources */,
			);
			runOnlyForDeploymentPostprocessing = 0;
		};
/* End PBXSourcesBuildPhase section */

/* Begin PBXTargetDependency section */
		571FED4D1C3E0EAD00D6682B /* PBXTargetDependency */ = {
			isa = PBXTargetDependency;
			target = 571FED361C3E0EAD00D6682B /* tipslash */;
			targetProxy = 571FED4C1C3E0EAD00D6682B /* PBXContainerItemProxy */;
		};
		571FED581C3E0EAD00D6682B /* PBXTargetDependency */ = {
			isa = PBXTargetDependency;
			target = 571FED361C3E0EAD00D6682B /* tipslash */;
			targetProxy = 571FED571C3E0EAD00D6682B /* PBXContainerItemProxy */;
		};
/* End PBXTargetDependency section */

/* Begin PBXVariantGroup section */
		571FED3E1C3E0EAD00D6682B /* Main.storyboard */ = {
			isa = PBXVariantGroup;
			children = (
				571FED3F1C3E0EAD00D6682B /* Base */,
			);
			name = Main.storyboard;
			sourceTree = "<group>";
		};
		571FED431C3E0EAD00D6682B /* LaunchScreen.storyboard */ = {
			isa = PBXVariantGroup;
			children = (
				571FED441C3E0EAD00D6682B /* Base */,
			);
			name = LaunchScreen.storyboard;
			sourceTree = "<group>";
		};
/* End PBXVariantGroup section */

/* Begin XCBuildConfiguration section */
		571FED5D1C3E0EAD00D6682B /* Debug */ = {
			isa = XCBuildConfiguration;
			buildSettings = {
				ALWAYS_SEARCH_USER_PATHS = NO;
				CLANG_CXX_LANGUAGE_STANDARD = "gnu++0x";
				CLANG_CXX_LIBRARY = "libc++";
				CLANG_ENABLE_MODULES = YES;
				CLANG_ENABLE_OBJC_ARC = YES;
				CLANG_WARN_BOOL_CONVERSION = YES;
				CLANG_WARN_CONSTANT_CONVERSION = YES;
				CLANG_WARN_DIRECT_OBJC_ISA_USAGE = YES_ERROR;
				CLANG_WARN_EMPTY_BODY = YES;
				CLANG_WARN_ENUM_CONVERSION = YES;
				CLANG_WARN_INT_CONVERSION = YES;
				CLANG_WARN_OBJC_ROOT_CLASS = YES_ERROR;
				CLANG_WARN_UNREACHABLE_CODE = YES;
				CLANG_WARN__DUPLICATE_METHOD_MATCH = YES;
				"CODE_SIGN_IDENTITY[sdk=iphoneos*]" = "iPhone Developer";
				COPY_PHASE_STRIP = NO;
				DEBUG_INFORMATION_FORMAT = dwarf;
				ENABLE_STRICT_OBJC_MSGSEND = YES;
				ENABLE_TESTABILITY = YES;
				GCC_C_LANGUAGE_STANDARD = gnu99;
				GCC_DYNAMIC_NO_PIC = NO;
				GCC_NO_COMMON_BLOCKS = YES;
				GCC_OPTIMIZATION_LEVEL = 0;
				GCC_PREPROCESSOR_DEFINITIONS = (
					"DEBUG=1",
					"$(inherited)",
				);
				GCC_WARN_64_TO_32_BIT_CONVERSION = YES;
				GCC_WARN_ABOUT_RETURN_TYPE = YES_ERROR;
				GCC_WARN_UNDECLARED_SELECTOR = YES;
				GCC_WARN_UNINITIALIZED_AUTOS = YES_AGGRESSIVE;
				GCC_WARN_UNUSED_FUNCTION = YES;
				GCC_WARN_UNUSED_VARIABLE = YES;
				IPHONEOS_DEPLOYMENT_TARGET = 9.2;
				MTL_ENABLE_DEBUG_INFO = YES;
				ONLY_ACTIVE_ARCH = YES;
				SDKROOT = iphoneos;
				SWIFT_OPTIMIZATION_LEVEL = "-Onone";
			};
			name = Debug;
		};
		571FED5E1C3E0EAD00D6682B /* Release */ = {
			isa = XCBuildConfiguration;
			buildSettings = {
				ALWAYS_SEARCH_USER_PATHS = NO;
				CLANG_CXX_LANGUAGE_STANDARD = "gnu++0x";
				CLANG_CXX_LIBRARY = "libc++";
				CLANG_ENABLE_MODULES = YES;
				CLANG_ENABLE_OBJC_ARC = YES;
				CLANG_WARN_BOOL_CONVERSION = YES;
				CLANG_WARN_CONSTANT_CONVERSION = YES;
				CLANG_WARN_DIRECT_OBJC_ISA_USAGE = YES_ERROR;
				CLANG_WARN_EMPTY_BODY = YES;
				CLANG_WARN_ENUM_CONVERSION = YES;
				CLANG_WARN_INT_CONVERSION = YES;
				CLANG_WARN_OBJC_ROOT_CLASS = YES_ERROR;
				CLANG_WARN_UNREACHABLE_CODE = YES;
				CLANG_WARN__DUPLICATE_METHOD_MATCH = YES;
				"CODE_SIGN_IDENTITY[sdk=iphoneos*]" = "iPhone Developer";
				COPY_PHASE_STRIP = NO;
				DEBUG_INFORMATION_FORMAT = "dwarf-with-dsym";
				ENABLE_NS_ASSERTIONS = NO;
				ENABLE_STRICT_OBJC_MSGSEND = YES;
				GCC_C_LANGUAGE_STANDARD = gnu99;
				GCC_NO_COMMON_BLOCKS = YES;
				GCC_WARN_64_TO_32_BIT_CONVERSION = YES;
				GCC_WARN_ABOUT_RETURN_TYPE = YES_ERROR;
				GCC_WARN_UNDECLARED_SELECTOR = YES;
				GCC_WARN_UNINITIALIZED_AUTOS = YES_AGGRESSIVE;
				GCC_WARN_UNUSED_FUNCTION = YES;
				GCC_WARN_UNUSED_VARIABLE = YES;
				IPHONEOS_DEPLOYMENT_TARGET = 9.2;
				MTL_ENABLE_DEBUG_INFO = NO;
				SDKROOT = iphoneos;
				VALIDATE_PRODUCT = YES;
			};
			name = Release;
		};
		571FED601C3E0EAD00D6682B /* Debug */ = {
			isa = XCBuildConfiguration;
			buildSettings = {
				ASSETCATALOG_COMPILER_APPICON_NAME = AppIcon;
				INFOPLIST_FILE = tipslash/Info.plist;
				LD_RUNPATH_SEARCH_PATHS = "$(inherited) @executable_path/Frameworks";
				PRODUCT_BUNDLE_IDENTIFIER = bb.tipslash;
				PRODUCT_NAME = "$(TARGET_NAME)";
			};
			name = Debug;
		};
		571FED611C3E0EAD00D6682B /* Release */ = {
			isa = XCBuildConfiguration;
			buildSettings = {
				ASSETCATALOG_COMPILER_APPICON_NAME = AppIcon;
				INFOPLIST_FILE = tipslash/Info.plist;
				LD_RUNPATH_SEARCH_PATHS = "$(inherited) @executable_path/Frameworks";
				PRODUCT_BUNDLE_IDENTIFIER = bb.tipslash;
				PRODUCT_NAME = "$(TARGET_NAME)";
			};
			name = Release;
		};
		571FED631C3E0EAD00D6682B /* Debug */ = {
			isa = XCBuildConfiguration;
			buildSettings = {
				BUNDLE_LOADER = "$(TEST_HOST)";
				INFOPLIST_FILE = tipslashTests/Info.plist;
				LD_RUNPATH_SEARCH_PATHS = "$(inherited) @executable_path/Frameworks @loader_path/Frameworks";
				PRODUCT_BUNDLE_IDENTIFIER = bb.tipslashTests;
				PRODUCT_NAME = "$(TARGET_NAME)";
				TEST_HOST = "$(BUILT_PRODUCTS_DIR)/tipslash.app/tipslash";
			};
			name = Debug;
		};
		571FED641C3E0EAD00D6682B /* Release */ = {
			isa = XCBuildConfiguration;
			buildSettings = {
				BUNDLE_LOADER = "$(TEST_HOST)";
				INFOPLIST_FILE = tipslashTests/Info.plist;
				LD_RUNPATH_SEARCH_PATHS = "$(inherited) @executable_path/Frameworks @loader_path/Frameworks";
				PRODUCT_BUNDLE_IDENTIFIER = bb.tipslashTests;
				PRODUCT_NAME = "$(TARGET_NAME)";
				TEST_HOST = "$(BUILT_PRODUCTS_DIR)/tipslash.app/tipslash";
			};
			name = Release;
		};
		571FED661C3E0EAD00D6682B /* Debug */ = {
			isa = XCBuildConfiguration;
			buildSettings = {
				INFOPLIST_FILE = tipslashUITests/Info.plist;
				LD_RUNPATH_SEARCH_PATHS = "$(inherited) @executable_path/Frameworks @loader_path/Frameworks";
				PRODUCT_BUNDLE_IDENTIFIER = bb.tipslashUITests;
				PRODUCT_NAME = "$(TARGET_NAME)";
				TEST_TARGET_NAME = tipslash;
				USES_XCTRUNNER = YES;
			};
			name = Debug;
		};
		571FED671C3E0EAD00D6682B /* Release */ = {
			isa = XCBuildConfiguration;
			buildSettings = {
				INFOPLIST_FILE = tipslashUITests/Info.plist;
				LD_RUNPATH_SEARCH_PATHS = "$(inherited) @executable_path/Frameworks @loader_path/Frameworks";
				PRODUCT_BUNDLE_IDENTIFIER = bb.tipslashUITests;
				PRODUCT_NAME = "$(TARGET_NAME)";
				TEST_TARGET_NAME = tipslash;
				USES_XCTRUNNER = YES;
			};
			name = Release;
		};
/* End XCBuildConfiguration section */

/* Begin XCConfigurationList section */
		571FED321C3E0EAD00D6682B /* Build configuration list for PBXProject "tipslash" */ = {
			isa = XCConfigurationList;
			buildConfigurations = (
				571FED5D1C3E0EAD00D6682B /* Debug */,
				571FED5E1C3E0EAD00D6682B /* Release */,
			);
			defaultConfigurationIsVisible = 0;
			defaultConfigurationName = Release;
		};
		571FED5F1C3E0EAD00D6682B /* Build configuration list for PBXNativeTarget "tipslash" */ = {
			isa = XCConfigurationList;
			buildConfigurations = (
				571FED601C3E0EAD00D6682B /* Debug */,
				571FED611C3E0EAD00D6682B /* Release */,
			);
			defaultConfigurationIsVisible = 0;
		};
		571FED621C3E0EAD00D6682B /* Build configuration list for PBXNativeTarget "tipslashTests" */ = {
			isa = XCConfigurationList;
			buildConfigurations = (
				571FED631C3E0EAD00D6682B /* Debug */,
				571FED641C3E0EAD00D6682B /* Release */,
			);
			defaultConfigurationIsVisible = 0;
		};
		571FED651C3E0EAD00D6682B /* Build configuration list for PBXNativeTarget "tipslashUITests" */ = {
			isa = XCConfigurationList;
			buildConfigurations = (
				571FED661C3E0EAD00D6682B /* Debug */,
				571FED671C3E0EAD00D6682B /* Release */,
			);
			defaultConfigurationIsVisible = 0;
		};
/* End XCConfigurationList section */
	};
	rootObject = 571FED2F1C3E0EAD00D6682B /* Project object */;
}
